
Microsoft Visual Studio Solution File, Format Version 12.00
# Visual Studio 15
VisualStudioVersion = 15.0.28307.1622
MinimumVisualStudioVersion = 10.0.40219.1
Project("{8BC9CEB8-8B4A-11D0-8D11-00A0C91BC942}") = "GoogleTest.Library", "GoogleTest.Library\GoogleTest.Library.vcxproj", "{CE780EFB-0D3C-47BC-86C1-ECD5041D499E}"
EndProject
Project("{8BC9CEB8-8B4A-11D0-8D11-00A0C91BC942}") = "TypeUtilities", "TypeUtilities\TypeUtilities.vcxproj", "{2AF1068F-77E3-4CE3-A9FD-B06FD06B42A7}"
EndProject
Project("{8BC9CEB8-8B4A-11D0-8D11-00A0C91BC942}") = "TypeUtilities.Test", "TypeUtilities.Test\TypeUtilities.Test.vcxproj", "{E2CEB057-F3C1-402B-ADB7-5D4AD2613D2C}"
	ProjectSection(ProjectDependencies) = postProject
		{2AF1068F-77E3-4CE3-A9FD-B06FD06B42A7} = {2AF1068F-77E3-4CE3-A9FD-B06FD06B42A7}
		{CE780EFB-0D3C-47BC-86C1-ECD5041D499E} = {CE780EFB-0D3C-47BC-86C1-ECD5041D499E}
	EndProjectSection
EndProject
Project("{8BC9CEB8-8B4A-11D0-8D11-00A0C91BC942}") = "Services", "Services\Services.vcxproj", "{7B9ABB31-4D81-4914-8CAA-C75570474575}"
	ProjectSection(ProjectDependencies) = postProject
		{2AF1068F-77E3-4CE3-A9FD-B06FD06B42A7} = {2AF1068F-77E3-4CE3-A9FD-B06FD06B42A7}
	EndProjectSection
EndProject
Project("{8BC9CEB8-8B4A-11D0-8D11-00A0C91BC942}") = "Services.Test", "Services.Test\Services.Test.vcxproj", "{25E3369D-5072-4AE5-986F-A5DE638B5046}"
	ProjectSection(ProjectDependencies) = postProject
		{7B9ABB31-4D81-4914-8CAA-C75570474575} = {7B9ABB31-4D81-4914-8CAA-C75570474575}
		{2AF1068F-77E3-4CE3-A9FD-B06FD06B42A7} = {2AF1068F-77E3-4CE3-A9FD-B06FD06B42A7}
		{CE780EFB-0D3C-47BC-86C1-ECD5041D499E} = {CE780EFB-0D3C-47BC-86C1-ECD5041D499E}
	EndProjectSection
EndProject
Project("{8BC9CEB8-8B4A-11D0-8D11-00A0C91BC942}") = "Formatting", "Formatting\Formatting.vcxproj", "{BAE15C86-CB31-4A44-BF7C-08137DF9709D}"
EndProject
Project("{8BC9CEB8-8B4A-11D0-8D11-00A0C91BC942}") = "Reflection", "Reflection\Reflection.vcxproj", "{576E1154-53D9-4E08-BDCB-10BAD6463485}"
	ProjectSection(ProjectDependencies) = postProject
		{7B9ABB31-4D81-4914-8CAA-C75570474575} = {7B9ABB31-4D81-4914-8CAA-C75570474575}
		{C4BB7E5E-BA6F-4401-BA08-13667BFFC58E} = {C4BB7E5E-BA6F-4401-BA08-13667BFFC58E}
		{BAE15C86-CB31-4A44-BF7C-08137DF9709D} = {BAE15C86-CB31-4A44-BF7C-08137DF9709D}
		{2AF1068F-77E3-4CE3-A9FD-B06FD06B42A7} = {2AF1068F-77E3-4CE3-A9FD-B06FD06B42A7}
	EndProjectSection
EndProject
Project("{8BC9CEB8-8B4A-11D0-8D11-00A0C91BC942}") = "Reflection.Test", "Reflection.Test\Reflection.Test.vcxproj", "{9C2AB730-E1C7-4FFC-BFFE-1EC37CC7E9A9}"
EndProject
Project("{8BC9CEB8-8B4A-11D0-8D11-00A0C91BC942}") = "Operators", "Operators\Operators.vcxproj", "{C4BB7E5E-BA6F-4401-BA08-13667BFFC58E}"
EndProject
Project("{8BC9CEB8-8B4A-11D0-8D11-00A0C91BC942}") = "Units", "Units\Units.vcxproj", "{063350D1-FB4A-40A4-8711-7106E46ECF4E}"
EndProject
Project("{8BC9CEB8-8B4A-11D0-8D11-00A0C91BC942}") = "Math", "Math\Math.vcxproj", "{56185AFE-CAEC-4F67-BA7D-5D310CC71425}"
EndProject
Project("{8BC9CEB8-8B4A-11D0-8D11-00A0C91BC942}") = "Operators.Test", "Operators.Test\Operators.Test.vcxproj", "{FF35C0C1-FF75-4CC5-9121-9BBBC9797A64}"
	ProjectSection(ProjectDependencies) = postProject
		{C4BB7E5E-BA6F-4401-BA08-13667BFFC58E} = {C4BB7E5E-BA6F-4401-BA08-13667BFFC58E}
		{CE780EFB-0D3C-47BC-86C1-ECD5041D499E} = {CE780EFB-0D3C-47BC-86C1-ECD5041D499E}
	EndProjectSection
EndProject
Project("{8BC9CEB8-8B4A-11D0-8D11-00A0C91BC942}") = "Units.Test", "Units.Test\Units.Test.vcxproj", "{2B67C5B1-80F1-4A18-A448-FF2ECB123233}"
	ProjectSection(ProjectDependencies) = postProject
		{BAE15C86-CB31-4A44-BF7C-08137DF9709D} = {BAE15C86-CB31-4A44-BF7C-08137DF9709D}
		{063350D1-FB4A-40A4-8711-7106E46ECF4E} = {063350D1-FB4A-40A4-8711-7106E46ECF4E}
	EndProjectSection
EndProject
Project("{8BC9CEB8-8B4A-11D0-8D11-00A0C91BC942}") = "Units.Reflection", "Units.Reflection\Units.Reflection.vcxproj", "{178B0EA5-1B55-4626-8B18-A124A8B719EF}"
	ProjectSection(ProjectDependencies) = postProject
		{576E1154-53D9-4E08-BDCB-10BAD6463485} = {576E1154-53D9-4E08-BDCB-10BAD6463485}
	EndProjectSection
EndProject
Project("{8BC9CEB8-8B4A-11D0-8D11-00A0C91BC942}") = "Units.Reflection.Test", "Units.Reflection.Test\Units.Reflection.Test.vcxproj", "{71C0D1E1-7285-4A77-9905-708412B07CD8}"
	ProjectSection(ProjectDependencies) = postProject
		{576E1154-53D9-4E08-BDCB-10BAD6463485} = {576E1154-53D9-4E08-BDCB-10BAD6463485}
		{178B0EA5-1B55-4626-8B18-A124A8B719EF} = {178B0EA5-1B55-4626-8B18-A124A8B719EF}
		{CE780EFB-0D3C-47BC-86C1-ECD5041D499E} = {CE780EFB-0D3C-47BC-86C1-ECD5041D499E}
	EndProjectSection
EndProject
Project("{8BC9CEB8-8B4A-11D0-8D11-00A0C91BC942}") = "Math.Test", "Math.Test\Math.Test.vcxproj", "{7ACE9E62-9B60-4835-89E1-FE924128E815}"
	ProjectSection(ProjectDependencies) = postProject
		{CE780EFB-0D3C-47BC-86C1-ECD5041D499E} = {CE780EFB-0D3C-47BC-86C1-ECD5041D499E}
		{56185AFE-CAEC-4F67-BA7D-5D310CC71425} = {56185AFE-CAEC-4F67-BA7D-5D310CC71425}
	EndProjectSection
EndProject
Project("{8BC9CEB8-8B4A-11D0-8D11-00A0C91BC942}") = "Plugins", "Plugins\Plugins.vcxproj", "{23902059-CC74-461D-892B-55A7A566A063}"
EndProject
Project("{8BC9CEB8-8B4A-11D0-8D11-00A0C91BC942}") = "Plugins.Test", "Plugins.Test\Plugins.Test.vcxproj", "{74947DE8-7611-4882-9624-33DE22662537}"
	ProjectSection(ProjectDependencies) = postProject
		{23902059-CC74-461D-892B-55A7A566A063} = {23902059-CC74-461D-892B-55A7A566A063}
		{CE780EFB-0D3C-47BC-86C1-ECD5041D499E} = {CE780EFB-0D3C-47BC-86C1-ECD5041D499E}
	EndProjectSection
EndProject
Project("{8BC9CEB8-8B4A-11D0-8D11-00A0C91BC942}") = "Scripting", "Scripting\Scripting.vcxproj", "{E7FA7564-94AC-4633-82A7-FDF39DC6C4D1}"
	ProjectSection(ProjectDependencies) = postProject
		{576E1154-53D9-4E08-BDCB-10BAD6463485} = {576E1154-53D9-4E08-BDCB-10BAD6463485}
	EndProjectSection
EndProject
Project("{8BC9CEB8-8B4A-11D0-8D11-00A0C91BC942}") = "Scripting.Test", "Scripting.Test\Scripting.Test.vcxproj", "{F64B6E79-2C3C-4B78-80C2-642091B0350F}"
	ProjectSection(ProjectDependencies) = postProject
		{E7FA7564-94AC-4633-82A7-FDF39DC6C4D1} = {E7FA7564-94AC-4633-82A7-FDF39DC6C4D1}
		{CE780EFB-0D3C-47BC-86C1-ECD5041D499E} = {CE780EFB-0D3C-47BC-86C1-ECD5041D499E}
	EndProjectSection
EndProject
Project("{2150E333-8FDC-42A3-9474-1A3956D46DE8}") = "Units", "Units", "{558CD576-7325-4433-9E19-158EB91625F5}"
EndProject
Project("{2150E333-8FDC-42A3-9474-1A3956D46DE8}") = "Utilities", "Utilities", "{DC92173A-7CAC-48F2-9CA8-3B85D0AC4749}"
EndProject
Project("{8BC9CEB8-8B4A-11D0-8D11-00A0C91BC942}") = "mofaTools", "mofaTools\mofaTools.vcxproj", "{77FCF416-45C8-47A6-9E46-4C7531031858}"
EndProject
Project("{8BC9CEB8-8B4A-11D0-8D11-00A0C91BC942}") = "jsScript", "jsScript\jsScript.vcxproj", "{01A6983E-20DE-4B26-AA80-F9F86AA1C7E0}"
	ProjectSection(ProjectDependencies) = postProject
		{77FCF416-45C8-47A6-9E46-4C7531031858} = {77FCF416-45C8-47A6-9E46-4C7531031858}
		{576E1154-53D9-4E08-BDCB-10BAD6463485} = {576E1154-53D9-4E08-BDCB-10BAD6463485}
		{E7FA7564-94AC-4633-82A7-FDF39DC6C4D1} = {E7FA7564-94AC-4633-82A7-FDF39DC6C4D1}
	EndProjectSection
EndProject
Project("{8BC9CEB8-8B4A-11D0-8D11-00A0C91BC942}") = "jsUnits", "jsUnits\jsUnits.vcxproj", "{1DBAA15E-E47E-4194-B098-12AFA80EDFD0}"
	ProjectSection(ProjectDependencies) = postProject
		{01A6983E-20DE-4B26-AA80-F9F86AA1C7E0} = {01A6983E-20DE-4B26-AA80-F9F86AA1C7E0}
	EndProjectSection
EndProject
Project("{2150E333-8FDC-42A3-9474-1A3956D46DE8}") = "Legacy", "Legacy", "{51DE710C-05C0-4373-96EA-C8EA20EB4BEA}"
EndProject
Global
	GlobalSection(SolutionConfigurationPlatforms) = preSolution
		Debug|x64 = Debug|x64
		Debug|x86 = Debug|x86
		Release|x64 = Release|x64
		Release|x86 = Release|x86
	EndGlobalSection
	GlobalSection(ProjectConfigurationPlatforms) = postSolution
		{CE780EFB-0D3C-47BC-86C1-ECD5041D499E}.Debug|x64.ActiveCfg = Debug|x64
		{CE780EFB-0D3C-47BC-86C1-ECD5041D499E}.Debug|x64.Build.0 = Debug|x64
		{CE780EFB-0D3C-47BC-86C1-ECD5041D499E}.Debug|x86.ActiveCfg = Debug|x64
		{CE780EFB-0D3C-47BC-86C1-ECD5041D499E}.Release|x64.ActiveCfg = Release|x64
		{CE780EFB-0D3C-47BC-86C1-ECD5041D499E}.Release|x64.Build.0 = Release|x64
		{CE780EFB-0D3C-47BC-86C1-ECD5041D499E}.Release|x86.ActiveCfg = Release|x64
		{2AF1068F-77E3-4CE3-A9FD-B06FD06B42A7}.Debug|x64.ActiveCfg = Debug|x64
		{2AF1068F-77E3-4CE3-A9FD-B06FD06B42A7}.Debug|x64.Build.0 = Debug|x64
		{2AF1068F-77E3-4CE3-A9FD-B06FD06B42A7}.Debug|x86.ActiveCfg = Debug|x64
		{2AF1068F-77E3-4CE3-A9FD-B06FD06B42A7}.Release|x64.ActiveCfg = Release|x64
		{2AF1068F-77E3-4CE3-A9FD-B06FD06B42A7}.Release|x64.Build.0 = Release|x64
		{2AF1068F-77E3-4CE3-A9FD-B06FD06B42A7}.Release|x86.ActiveCfg = Release|x64
		{E2CEB057-F3C1-402B-ADB7-5D4AD2613D2C}.Debug|x64.ActiveCfg = Debug|x64
		{E2CEB057-F3C1-402B-ADB7-5D4AD2613D2C}.Debug|x64.Build.0 = Debug|x64
		{E2CEB057-F3C1-402B-ADB7-5D4AD2613D2C}.Debug|x86.ActiveCfg = Debug|x64
		{E2CEB057-F3C1-402B-ADB7-5D4AD2613D2C}.Release|x64.ActiveCfg = Release|x64
		{E2CEB057-F3C1-402B-ADB7-5D4AD2613D2C}.Release|x64.Build.0 = Release|x64
		{E2CEB057-F3C1-402B-ADB7-5D4AD2613D2C}.Release|x86.ActiveCfg = Release|x64
		{7B9ABB31-4D81-4914-8CAA-C75570474575}.Debug|x64.ActiveCfg = Debug|x64
		{7B9ABB31-4D81-4914-8CAA-C75570474575}.Debug|x64.Build.0 = Debug|x64
		{7B9ABB31-4D81-4914-8CAA-C75570474575}.Debug|x86.ActiveCfg = Debug|x64
		{7B9ABB31-4D81-4914-8CAA-C75570474575}.Release|x64.ActiveCfg = Release|x64
		{7B9ABB31-4D81-4914-8CAA-C75570474575}.Release|x64.Build.0 = Release|x64
		{7B9ABB31-4D81-4914-8CAA-C75570474575}.Release|x86.ActiveCfg = Release|x64
		{25E3369D-5072-4AE5-986F-A5DE638B5046}.Debug|x64.ActiveCfg = Debug|x64
		{25E3369D-5072-4AE5-986F-A5DE638B5046}.Debug|x64.Build.0 = Debug|x64
		{25E3369D-5072-4AE5-986F-A5DE638B5046}.Debug|x86.ActiveCfg = Debug|x64
		{25E3369D-5072-4AE5-986F-A5DE638B5046}.Release|x64.ActiveCfg = Release|x64
		{25E3369D-5072-4AE5-986F-A5DE638B5046}.Release|x64.Build.0 = Release|x64
		{25E3369D-5072-4AE5-986F-A5DE638B5046}.Release|x86.ActiveCfg = Release|x64
		{BAE15C86-CB31-4A44-BF7C-08137DF9709D}.Debug|x64.ActiveCfg = Debug|x64
		{BAE15C86-CB31-4A44-BF7C-08137DF9709D}.Debug|x64.Build.0 = Debug|x64
		{BAE15C86-CB31-4A44-BF7C-08137DF9709D}.Debug|x86.ActiveCfg = Debug|x64
		{BAE15C86-CB31-4A44-BF7C-08137DF9709D}.Release|x64.ActiveCfg = Release|x64
		{BAE15C86-CB31-4A44-BF7C-08137DF9709D}.Release|x64.Build.0 = Release|x64
		{BAE15C86-CB31-4A44-BF7C-08137DF9709D}.Release|x86.ActiveCfg = Release|x64
		{576E1154-53D9-4E08-BDCB-10BAD6463485}.Debug|x64.ActiveCfg = Debug|x64
		{576E1154-53D9-4E08-BDCB-10BAD6463485}.Debug|x64.Build.0 = Debug|x64
		{576E1154-53D9-4E08-BDCB-10BAD6463485}.Debug|x86.ActiveCfg = Debug|x64
		{576E1154-53D9-4E08-BDCB-10BAD6463485}.Release|x64.ActiveCfg = Release|x64
		{576E1154-53D9-4E08-BDCB-10BAD6463485}.Release|x64.Build.0 = Release|x64
		{576E1154-53D9-4E08-BDCB-10BAD6463485}.Release|x86.ActiveCfg = Release|x64
		{9C2AB730-E1C7-4FFC-BFFE-1EC37CC7E9A9}.Debug|x64.ActiveCfg = Debug|x64
		{9C2AB730-E1C7-4FFC-BFFE-1EC37CC7E9A9}.Debug|x64.Build.0 = Debug|x64
		{9C2AB730-E1C7-4FFC-BFFE-1EC37CC7E9A9}.Debug|x86.ActiveCfg = Debug|x64
		{9C2AB730-E1C7-4FFC-BFFE-1EC37CC7E9A9}.Release|x64.ActiveCfg = Release|x64
		{9C2AB730-E1C7-4FFC-BFFE-1EC37CC7E9A9}.Release|x64.Build.0 = Release|x64
		{9C2AB730-E1C7-4FFC-BFFE-1EC37CC7E9A9}.Release|x86.ActiveCfg = Release|x64
		{C4BB7E5E-BA6F-4401-BA08-13667BFFC58E}.Debug|x64.ActiveCfg = Debug|x64
		{C4BB7E5E-BA6F-4401-BA08-13667BFFC58E}.Debug|x64.Build.0 = Debug|x64
		{C4BB7E5E-BA6F-4401-BA08-13667BFFC58E}.Debug|x86.ActiveCfg = Debug|x64
		{C4BB7E5E-BA6F-4401-BA08-13667BFFC58E}.Release|x64.ActiveCfg = Release|x64
		{C4BB7E5E-BA6F-4401-BA08-13667BFFC58E}.Release|x64.Build.0 = Release|x64
		{C4BB7E5E-BA6F-4401-BA08-13667BFFC58E}.Release|x86.ActiveCfg = Release|x64
		{063350D1-FB4A-40A4-8711-7106E46ECF4E}.Debug|x64.ActiveCfg = Debug|x64
		{063350D1-FB4A-40A4-8711-7106E46ECF4E}.Debug|x64.Build.0 = Debug|x64
		{063350D1-FB4A-40A4-8711-7106E46ECF4E}.Debug|x86.ActiveCfg = Debug|x64
		{063350D1-FB4A-40A4-8711-7106E46ECF4E}.Release|x64.ActiveCfg = Release|x64
		{063350D1-FB4A-40A4-8711-7106E46ECF4E}.Release|x64.Build.0 = Release|x64
		{063350D1-FB4A-40A4-8711-7106E46ECF4E}.Release|x86.ActiveCfg = Release|x64
		{56185AFE-CAEC-4F67-BA7D-5D310CC71425}.Debug|x64.ActiveCfg = Debug|x64
		{56185AFE-CAEC-4F67-BA7D-5D310CC71425}.Debug|x64.Build.0 = Debug|x64
		{56185AFE-CAEC-4F67-BA7D-5D310CC71425}.Debug|x86.ActiveCfg = Debug|x64
		{56185AFE-CAEC-4F67-BA7D-5D310CC71425}.Release|x64.ActiveCfg = Release|x64
		{56185AFE-CAEC-4F67-BA7D-5D310CC71425}.Release|x64.Build.0 = Release|x64
		{56185AFE-CAEC-4F67-BA7D-5D310CC71425}.Release|x86.ActiveCfg = Release|x64
		{FF35C0C1-FF75-4CC5-9121-9BBBC9797A64}.Debug|x64.ActiveCfg = Debug|x64
		{FF35C0C1-FF75-4CC5-9121-9BBBC9797A64}.Debug|x64.Build.0 = Debug|x64
		{FF35C0C1-FF75-4CC5-9121-9BBBC9797A64}.Debug|x86.ActiveCfg = Debug|x64
		{FF35C0C1-FF75-4CC5-9121-9BBBC9797A64}.Release|x64.ActiveCfg = Release|x64
		{FF35C0C1-FF75-4CC5-9121-9BBBC9797A64}.Release|x64.Build.0 = Release|x64
		{FF35C0C1-FF75-4CC5-9121-9BBBC9797A64}.Release|x86.ActiveCfg = Release|x64
		{2B67C5B1-80F1-4A18-A448-FF2ECB123233}.Debug|x64.ActiveCfg = Debug|x64
		{2B67C5B1-80F1-4A18-A448-FF2ECB123233}.Debug|x64.Build.0 = Debug|x64
		{2B67C5B1-80F1-4A18-A448-FF2ECB123233}.Debug|x86.ActiveCfg = Debug|x64
		{2B67C5B1-80F1-4A18-A448-FF2ECB123233}.Release|x64.ActiveCfg = Release|x64
		{2B67C5B1-80F1-4A18-A448-FF2ECB123233}.Release|x64.Build.0 = Release|x64
		{2B67C5B1-80F1-4A18-A448-FF2ECB123233}.Release|x86.ActiveCfg = Release|x64
		{178B0EA5-1B55-4626-8B18-A124A8B719EF}.Debug|x64.ActiveCfg = Debug|x64
		{178B0EA5-1B55-4626-8B18-A124A8B719EF}.Debug|x64.Build.0 = Debug|x64
		{178B0EA5-1B55-4626-8B18-A124A8B719EF}.Debug|x86.ActiveCfg = Debug|x64
		{178B0EA5-1B55-4626-8B18-A124A8B719EF}.Release|x64.ActiveCfg = Release|x64
		{178B0EA5-1B55-4626-8B18-A124A8B719EF}.Release|x64.Build.0 = Release|x64
		{178B0EA5-1B55-4626-8B18-A124A8B719EF}.Release|x86.ActiveCfg = Release|x64
		{71C0D1E1-7285-4A77-9905-708412B07CD8}.Debug|x64.ActiveCfg = Debug|x64
		{71C0D1E1-7285-4A77-9905-708412B07CD8}.Debug|x64.Build.0 = Debug|x64
		{71C0D1E1-7285-4A77-9905-708412B07CD8}.Debug|x86.ActiveCfg = Debug|x64
		{71C0D1E1-7285-4A77-9905-708412B07CD8}.Release|x64.ActiveCfg = Release|x64
		{71C0D1E1-7285-4A77-9905-708412B07CD8}.Release|x64.Build.0 = Release|x64
		{71C0D1E1-7285-4A77-9905-708412B07CD8}.Release|x86.ActiveCfg = Release|x64
		{7ACE9E62-9B60-4835-89E1-FE924128E815}.Debug|x64.ActiveCfg = Debug|x64
		{7ACE9E62-9B60-4835-89E1-FE924128E815}.Debug|x64.Build.0 = Debug|x64
		{7ACE9E62-9B60-4835-89E1-FE924128E815}.Debug|x86.ActiveCfg = Debug|x64
		{7ACE9E62-9B60-4835-89E1-FE924128E815}.Release|x64.ActiveCfg = Release|x64
		{7ACE9E62-9B60-4835-89E1-FE924128E815}.Release|x64.Build.0 = Release|x64
		{7ACE9E62-9B60-4835-89E1-FE924128E815}.Release|x86.ActiveCfg = Release|x64
		{23902059-CC74-461D-892B-55A7A566A063}.Debug|x64.ActiveCfg = Debug|x64
		{23902059-CC74-461D-892B-55A7A566A063}.Debug|x64.Build.0 = Debug|x64
		{23902059-CC74-461D-892B-55A7A566A063}.Debug|x86.ActiveCfg = Debug|x64
		{23902059-CC74-461D-892B-55A7A566A063}.Release|x64.ActiveCfg = Release|x64
		{23902059-CC74-461D-892B-55A7A566A063}.Release|x64.Build.0 = Release|x64
		{23902059-CC74-461D-892B-55A7A566A063}.Release|x86.ActiveCfg = Release|x64
		{74947DE8-7611-4882-9624-33DE22662537}.Debug|x64.ActiveCfg = Debug|x64
		{74947DE8-7611-4882-9624-33DE22662537}.Debug|x64.Build.0 = Debug|x64
		{74947DE8-7611-4882-9624-33DE22662537}.Debug|x86.ActiveCfg = Debug|x64
		{74947DE8-7611-4882-9624-33DE22662537}.Release|x64.ActiveCfg = Release|x64
		{74947DE8-7611-4882-9624-33DE22662537}.Release|x64.Build.0 = Release|x64
		{74947DE8-7611-4882-9624-33DE22662537}.Release|x86.ActiveCfg = Release|x64
		{E7FA7564-94AC-4633-82A7-FDF39DC6C4D1}.Debug|x64.ActiveCfg = Debug|x64
		{E7FA7564-94AC-4633-82A7-FDF39DC6C4D1}.Debug|x64.Build.0 = Debug|x64
		{E7FA7564-94AC-4633-82A7-FDF39DC6C4D1}.Debug|x86.ActiveCfg = Debug|x64
		{E7FA7564-94AC-4633-82A7-FDF39DC6C4D1}.Release|x64.ActiveCfg = Release|x64
		{E7FA7564-94AC-4633-82A7-FDF39DC6C4D1}.Release|x64.Build.0 = Release|x64
		{E7FA7564-94AC-4633-82A7-FDF39DC6C4D1}.Release|x86.ActiveCfg = Release|x64
		{F64B6E79-2C3C-4B78-80C2-642091B0350F}.Debug|x64.ActiveCfg = Debug|x64
		{F64B6E79-2C3C-4B78-80C2-642091B0350F}.Debug|x64.Build.0 = Debug|x64
		{F64B6E79-2C3C-4B78-80C2-642091B0350F}.Debug|x86.ActiveCfg = Debug|x64
		{F64B6E79-2C3C-4B78-80C2-642091B0350F}.Release|x64.ActiveCfg = Release|x64
		{F64B6E79-2C3C-4B78-80C2-642091B0350F}.Release|x64.Build.0 = Release|x64
		{F64B6E79-2C3C-4B78-80C2-642091B0350F}.Release|x86.ActiveCfg = Release|x64
		{77FCF416-45C8-47A6-9E46-4C7531031858}.Debug|x64.ActiveCfg = Debug|x64
		{77FCF416-45C8-47A6-9E46-4C7531031858}.Debug|x64.Build.0 = Debug|x64
		{77FCF416-45C8-47A6-9E46-4C7531031858}.Debug|x86.ActiveCfg = Debug|x64
		{77FCF416-45C8-47A6-9E46-4C7531031858}.Release|x64.ActiveCfg = Release|x64
		{77FCF416-45C8-47A6-9E46-4C7531031858}.Release|x64.Build.0 = Release|x64
		{77FCF416-45C8-47A6-9E46-4C7531031858}.Release|x86.ActiveCfg = Release|x64
		{01A6983E-20DE-4B26-AA80-F9F86AA1C7E0}.Debug|x64.ActiveCfg = Debug|x64
		{01A6983E-20DE-4B26-AA80-F9F86AA1C7E0}.Debug|x64.Build.0 = Debug|x64
		{01A6983E-20DE-4B26-AA80-F9F86AA1C7E0}.Debug|x86.ActiveCfg = Debug|x64
		{01A6983E-20DE-4B26-AA80-F9F86AA1C7E0}.Release|x64.ActiveCfg = Release|x64
		{01A6983E-20DE-4B26-AA80-F9F86AA1C7E0}.Release|x64.Build.0 = Release|x64
		{01A6983E-20DE-4B26-AA80-F9F86AA1C7E0}.Release|x86.ActiveCfg = Release|x64
		{1DBAA15E-E47E-4194-B098-12AFA80EDFD0}.Debug|x64.ActiveCfg = Debug|x64
		{1DBAA15E-E47E-4194-B098-12AFA80EDFD0}.Debug|x64.Build.0 = Debug|x64
		{1DBAA15E-E47E-4194-B098-12AFA80EDFD0}.Debug|x86.ActiveCfg = Debug|x64
		{1DBAA15E-E47E-4194-B098-12AFA80EDFD0}.Release|x64.ActiveCfg = Release|x64
		{1DBAA15E-E47E-4194-B098-12AFA80EDFD0}.Release|x64.Build.0 = Release|x64
		{1DBAA15E-E47E-4194-B098-12AFA80EDFD0}.Release|x86.ActiveCfg = Release|x64
	EndGlobalSection
	GlobalSection(SolutionProperties) = preSolution
		HideSolutionNode = FALSE
	EndGlobalSection
	GlobalSection(NestedProjects) = preSolution
		{CE780EFB-0D3C-47BC-86C1-ECD5041D499E} = {DC92173A-7CAC-48F2-9CA8-3B85D0AC4749}
		{2AF1068F-77E3-4CE3-A9FD-B06FD06B42A7} = {DC92173A-7CAC-48F2-9CA8-3B85D0AC4749}
		{E2CEB057-F3C1-402B-ADB7-5D4AD2613D2C} = {DC92173A-7CAC-48F2-9CA8-3B85D0AC4749}
		{7B9ABB31-4D81-4914-8CAA-C75570474575} = {DC92173A-7CAC-48F2-9CA8-3B85D0AC4749}
		{25E3369D-5072-4AE5-986F-A5DE638B5046} = {DC92173A-7CAC-48F2-9CA8-3B85D0AC4749}
		{BAE15C86-CB31-4A44-BF7C-08137DF9709D} = {DC92173A-7CAC-48F2-9CA8-3B85D0AC4749}
		{C4BB7E5E-BA6F-4401-BA08-13667BFFC58E} = {DC92173A-7CAC-48F2-9CA8-3B85D0AC4749}
		{063350D1-FB4A-40A4-8711-7106E46ECF4E} = {558CD576-7325-4433-9E19-158EB91625F5}
		{56185AFE-CAEC-4F67-BA7D-5D310CC71425} = {DC92173A-7CAC-48F2-9CA8-3B85D0AC4749}
		{FF35C0C1-FF75-4CC5-9121-9BBBC9797A64} = {DC92173A-7CAC-48F2-9CA8-3B85D0AC4749}
		{2B67C5B1-80F1-4A18-A448-FF2ECB123233} = {558CD576-7325-4433-9E19-158EB91625F5}
		{178B0EA5-1B55-4626-8B18-A124A8B719EF} = {558CD576-7325-4433-9E19-158EB91625F5}
		{71C0D1E1-7285-4A77-9905-708412B07CD8} = {558CD576-7325-4433-9E19-158EB91625F5}
		{7ACE9E62-9B60-4835-89E1-FE924128E815} = {DC92173A-7CAC-48F2-9CA8-3B85D0AC4749}
		{23902059-CC74-461D-892B-55A7A566A063} = {DC92173A-7CAC-48F2-9CA8-3B85D0AC4749}
		{74947DE8-7611-4882-9624-33DE22662537} = {DC92173A-7CAC-48F2-9CA8-3B85D0AC4749}
		{77FCF416-45C8-47A6-9E46-4C7531031858} = {51DE710C-05C0-4373-96EA-C8EA20EB4BEA}
		{01A6983E-20DE-4B26-AA80-F9F86AA1C7E0} = {51DE710C-05C0-4373-96EA-C8EA20EB4BEA}
		{1DBAA15E-E47E-4194-B098-12AFA80EDFD0} = {51DE710C-05C0-4373-96EA-C8EA20EB4BEA}
	EndGlobalSection
	GlobalSection(ExtensibilityGlobals) = postSolution
		SolutionGuid = {C7368BDF-CCF3-4841-8A71-39D2B4E754ED}
	EndGlobalSection
EndGlobal
